{
  "name": "andersen-js-course",
  "version": "1.0.0",
  "lockfileVersion": 1,
  "requires": true,
  "dependencies": {
    "rcolor": {
      "version": "1.0.1",
      "resolved": "https://registry.npmjs.org/rcolor/-/rcolor-1.0.1.tgz",
      "integrity": "sha1-gHwS+Wi66bRChWINDOvfgcwjwm8=",
      "dev": true
    }
  }
}
